<?xml version="1.0" encoding="utf-8"?>
<Project ToolsVersion="4.0" xmlns="http://schemas.microsoft.com/developer/msbuild/2003">
  <ItemGroup>
    <Filter Include="Source Files">
      <UniqueIdentifier>{4FC737F1-C7A5-4376-A066-2A32D752A2FF}</UniqueIdentifier>
      <Extensions>cpp;c;cc;cxx;def;odl;idl;hpj;bat;asm;asmx</Extensions>
    </Filter>
    <Filter Include="Header Files">
      <UniqueIdentifier>{93995380-89BD-4b04-88EB-625FBE52EBFB}</UniqueIdentifier>
      <Extensions>h;hh;hpp;hxx;hm;inl;inc;xsd</Extensions>
    </Filter>
    <Filter Include="Resource Files">
      <UniqueIdentifier>{D9D6E242-F8AF-46E4-B9FD-80ECBC20BA3E}</UniqueIdentifier>
      <Extensions>qrc;*</Extensions>
      <ParseFiles>false</ParseFiles>
    </Filter>
    <Filter Include="Form Files">
      <UniqueIdentifier>{99349809-55BA-4b9d-BF79-8FDBB0286EB3}</UniqueIdentifier>
      <Extensions>ui</Extensions>
    </Filter>
    <Filter Include="Resource Files">
      <UniqueIdentifier>{D9D6E242-F8AF-46E4-B9FD-80ECBC20BA3E}</UniqueIdentifier>
      <Extensions>qrc;*</Extensions>
      <ParseFiles>false</ParseFiles>
    </Filter>
    <Filter Include="RenderWidget">
      <UniqueIdentifier>{5a8e74e0-47be-4725-926c-904f990b345b}</UniqueIdentifier>
    </Filter>
    <Filter Include="AbstractVolumeRenderer">
      <UniqueIdentifier>{9c5c2ede-7ee7-4279-88bd-53a0598b1533}</UniqueIdentifier>
    </Filter>
    <Filter Include="Kernels">
      <UniqueIdentifier>{b9ab35ea-f697-46bc-b9e1-32f88210f729}</UniqueIdentifier>
    </Filter>
    <Filter Include="VolumeData">
      <UniqueIdentifier>{125b0947-6d47-467d-9a87-dbb3d0a2612b}</UniqueIdentifier>
    </Filter>
    <Filter Include="TransferFunctionEditorWidget">
      <UniqueIdentifier>{8273d7e0-ae99-47fc-ae3d-1e34fa478fef}</UniqueIdentifier>
    </Filter>
    <Filter Include="TransferFunctionEditorWidget\qcustomplot">
      <UniqueIdentifier>{bae14f13-e827-4723-abae-00b1ff3881a5}</UniqueIdentifier>
    </Filter>
    <Filter Include="TransferFunctionEditorWidget\CurveEditor">
      <UniqueIdentifier>{1da30c62-7d8a-43ed-84df-27d00573a8b4}</UniqueIdentifier>
    </Filter>
    <Filter Include="TransferFunctionEditorWidget\CurveEditor\TransparencyWidget">
      <UniqueIdentifier>{96593b16-affe-4223-b801-e1d24cf57e6b}</UniqueIdentifier>
    </Filter>
    <Filter Include="TransferFunctionEditorWidget\CurveEditor\ColorWidget">
      <UniqueIdentifier>{569f4708-92d5-4ef4-ac40-bd0a1c7f7ac6}</UniqueIdentifier>
    </Filter>
    <Filter Include="VolumeData\VolumeDataLoader">
      <UniqueIdentifier>{ee218acc-c074-48af-a695-1af321f16a4c}</UniqueIdentifier>
    </Filter>
    <Filter Include="VolumeData\VolumeDataLoader\TIFFStack">
      <UniqueIdentifier>{5a42bd45-4b09-4787-a749-da9e6bc4290f}</UniqueIdentifier>
    </Filter>
    <Filter Include="VolumeData\VolumeDataLoader\BinVolumeDataLoader">
      <UniqueIdentifier>{2c17d010-e160-41e9-a485-011b4736f905}</UniqueIdentifier>
    </Filter>
    <Filter Include="AbstractVolumeRenderer\OpenCLVolumeRenderer">
      <UniqueIdentifier>{c3991fa4-f610-4cea-a49c-3ba14173467b}</UniqueIdentifier>
    </Filter>
    <Filter Include="VolumeData\VolumeDataLoader\BasicVolumeDataLoader">
      <UniqueIdentifier>{def0c62d-5c4d-4e60-bfb2-f3a317b7c688}</UniqueIdentifier>
    </Filter>
  </ItemGroup>
  <ItemGroup>
    <ClCompile Include="main.cpp">
      <Filter>Source Files</Filter>
    </ClCompile>
    <ClCompile Include="OpenCLVolumeRenderer.cpp">
      <Filter>AbstractVolumeRenderer\OpenCLVolumeRenderer</Filter>
    </ClCompile>
    <ClCompile Include="RenderWidget.cpp">
      <Filter>RenderWidget</Filter>
    </ClCompile>
    <ClCompile Include="AbstractVolumeRenderer.cpp">
      <Filter>AbstractVolumeRenderer</Filter>
    </ClCompile>
    <ClCompile Include="VolumeData.cpp">
      <Filter>VolumeData</Filter>
    </ClCompile>
    <ClCompile Include="TransferFunctionEditorWidget.cpp">
      <Filter>TransferFunctionEditorWidget</Filter>
    </ClCompile>
    <ClCompile Include="thirdparty\qcustomplot\qcustomplot.cpp">
      <Filter>TransferFunctionEditorWidget\qcustomplot</Filter>
    </ClCompile>
    <ClCompile Include="CurveEditorWidget.cpp">
      <Filter>TransferFunctionEditorWidget\CurveEditor</Filter>
    </ClCompile>
    <ClCompile Include="ColorWidget.cpp">
      <Filter>TransferFunctionEditorWidget\CurveEditor\ColorWidget</Filter>
    </ClCompile>
    <ClCompile Include="TransparencyWidget.cpp">
      <Filter>TransferFunctionEditorWidget\CurveEditor\TransparencyWidget</Filter>
    </ClCompile>
    <ClCompile Include="VolumeDataLoader.cpp">
      <Filter>VolumeData\VolumeDataLoader</Filter>
    </ClCompile>
    <ClCompile Include="TIFFStackVolumeDataLoader.cpp">
      <Filter>VolumeData\VolumeDataLoader\TIFFStack</Filter>
    </ClCompile>
    <ClCompile Include="BinVolumeDataLoader.cpp">
      <Filter>VolumeData\VolumeDataLoader\BinVolumeDataLoader</Filter>
    </ClCompile>
    <ClCompile Include="VolumeViz.cpp">
      <Filter>Source Files</Filter>
    </ClCompile>
    <ClCompile Include="BasicVolumeDataLoader.cpp">
      <Filter>VolumeData\VolumeDataLoader\BasicVolumeDataLoader</Filter>
    </ClCompile>
  </ItemGroup>
  <ItemGroup>
    <QtMoc Include="VolumeViz.h">
      <Filter>Header Files</Filter>
    </QtMoc>
    <QtMoc Include="TransferFunctionEditorWidget.h">
      <Filter>TransferFunctionEditorWidget</Filter>
    </QtMoc>
    <QtMoc Include="thirdparty\qcustomplot\qcustomplot.h">
      <Filter>TransferFunctionEditorWidget\qcustomplot</Filter>
    </QtMoc>
    <QtMoc Include="CurveEditorWidget.h">
      <Filter>TransferFunctionEditorWidget\CurveEditor</Filter>
    </QtMoc>
    <QtMoc Include="ColorWidget.h">
      <Filter>TransferFunctionEditorWidget\CurveEditor\ColorWidget</Filter>
    </QtMoc>
    <QtMoc Include="TransparencyWidget.h">
      <Filter>TransferFunctionEditorWidget\CurveEditor\TransparencyWidget</Filter>
    </QtMoc>
  </ItemGroup>
  <ItemGroup>
    <QtUic Include="VolumeViz.ui">
      <Filter>Form Files</Filter>
    </QtUic>
    <QtUic Include="TransferFunctionEditorWidget.ui">
      <Filter>Form Files</Filter>
    </QtUic>
  </ItemGroup>
  <ItemGroup>
    <QtRcc Include="VolumeViz.qrc">
      <Filter>Resource Files</Filter>
    </QtRcc>
  </ItemGroup>
  <ItemGroup>
    <ResourceCompile Include="VolumeViz.rc" />
  </ItemGroup>
  <ItemGroup>
    <ClInclude Include="OpenCLVolumeRenderer.h">
      <Filter>AbstractVolumeRenderer\OpenCLVolumeRenderer</Filter>
    </ClInclude>
    <ClInclude Include="RenderWidget.h">
      <Filter>RenderWidget</Filter>
    </ClInclude>
    <ClInclude Include="AbstractVolumeRenderer.h">
      <Filter>AbstractVolumeRenderer</Filter>
    </ClInclude>
    <ClInclude Include="VolumeData.h">
      <Filter>VolumeData</Filter>
    </ClInclude>
    <ClInclude Include="VolumeDataLoader.h">
      <Filter>VolumeData\VolumeDataLoader</Filter>
    </ClInclude>
    <ClInclude Include="TIFFStackVolumeDataLoader.h">
      <Filter>VolumeData\VolumeDataLoader\TIFFStack</Filter>
    </ClInclude>
    <ClInclude Include="BinVolumeDataLoader.h">
      <Filter>VolumeData\VolumeDataLoader\BinVolumeDataLoader</Filter>
    </ClInclude>
    <ClInclude Include="BasicVolumeDataLoader.h">
      <Filter>VolumeData\VolumeDataLoader\BasicVolumeDataLoader</Filter>
    </ClInclude>
  </ItemGroup>
  <ItemGroup>
    <None Include="Kernels\kernel.cl">
      <Filter>Kernels</Filter>
    </None>
  </ItemGroup>
</Project>